
Microsoft Visual Studio Solution File, Format Version 12.00
# Visual Studio Version 16
VisualStudioVersion = 16.0.29102.190
MinimumVisualStudioVersion = 10.0.40219.1
Project("{FAE04EC0-301F-11D3-BF4B-00C04F79EFBC}") = "ISAM5430.Class06", "ISAM5430.Class06\ISAM5430.Class06.csproj", "{FBD2D37F-C892-426A-877C-880E59044284}"
EndProject
Project("{FAE04EC0-301F-11D3-BF4B-00C04F79EFBC}") = "DiceRolls", "DiceRolls\DiceRolls.csproj", "{1521EF3F-7AED-4E21-A142-5BEDCDC1D3ED}"
EndProject
Global
	GlobalSection(SolutionConfigurationPlatforms) = preSolution
		Debug|Any CPU = Debug|Any CPU
		Release|Any CPU = Release|Any CPU
	EndGlobalSection
	GlobalSection(ProjectConfigurationPlatforms) = postSolution
		{FBD2D37F-C892-426A-877C-880E59044284}.Debug|Any CPU.ActiveCfg = Debug|Any CPU
		{FBD2D37F-C892-426A-877C-880E59044284}.Debug|Any CPU.Build.0 = Debug|Any CPU
		{FBD2D37F-C892-426A-877C-880E59044284}.Release|Any CPU.ActiveCfg = Release|Any CPU
		{FBD2D37F-C892-426A-877C-880E59044284}.Release|Any CPU.Build.0 = Release|Any CPU
		{1521EF3F-7AED-4E21-A142-5BEDCDC1D3ED}.Debug|Any CPU.ActiveCfg = Debug|Any CPU
		{1521EF3F-7AED-4E21-A142-5BEDCDC1D3ED}.Debug|Any CPU.Build.0 = Debug|Any CPU
		{1521EF3F-7AED-4E21-A142-5BEDCDC1D3ED}.Release|Any CPU.ActiveCfg = Release|Any CPU
		{1521EF3F-7AED-4E21-A142-5BEDCDC1D3ED}.Release|Any CPU.Build.0 = Release|Any CPU
	EndGlobalSection
	GlobalSection(SolutionProperties) = preSolution
		HideSolutionNode = FALSE
	EndGlobalSection
	GlobalSection(ExtensibilityGlobals) = postSolution
		SolutionGuid = {927F4DCD-1113-4CB1-AFD4-B128A1587713}
	EndGlobalSection
EndGlobal
